<Project xmlns="http://schemas.microsoft.com/developer/msbuild/2003">
    <PropertyGroup>
        <ProjectGuid>{066BE20F-3672-4F05-AC6F-4BB8A053E714}</ProjectGuid>
        <MainSource>ACBr_synapse.dpk</MainSource>
        <Base>True</Base>
        <Config Condition="'$(Config)'==''">Debug</Config>
        <TargetedPlatforms>1</TargetedPlatforms>
        <AppType>Package</AppType>
        <FrameworkType>None</FrameworkType>
        <ProjectVersion>19.2</ProjectVersion>
        <Platform Condition="'$(Platform)'==''">Win32</Platform>
    </PropertyGroup>
    <PropertyGroup Condition="'$(Config)'=='Base' or '$(Base)'!=''">
        <Base>true</Base>
    </PropertyGroup>
    <PropertyGroup Condition="('$(Platform)'=='Win32' and '$(Base)'=='true') or '$(Base_Win32)'!=''">
        <Base_Win32>true</Base_Win32>
        <CfgParent>Base</CfgParent>
        <Base>true</Base>
    </PropertyGroup>
    <PropertyGroup Condition="('$(Platform)'=='Win64' and '$(Base)'=='true') or '$(Base_Win64)'!=''">
        <Base_Win64>true</Base_Win64>
        <CfgParent>Base</CfgParent>
        <Base>true</Base>
    </PropertyGroup>
    <PropertyGroup Condition="'$(Config)'=='Release' or '$(Cfg_1)'!=''">
        <Cfg_1>true</Cfg_1>
        <CfgParent>Base</CfgParent>
        <Base>true</Base>
    </PropertyGroup>
    <PropertyGroup Condition="'$(Config)'=='Debug' or '$(Cfg_2)'!=''">
        <Cfg_2>true</Cfg_2>
        <CfgParent>Base</CfgParent>
        <Base>true</Base>
    </PropertyGroup>
    <PropertyGroup Condition="'$(Base)'!=''">
        <DCC_E>false</DCC_E>
        <DCC_F>false</DCC_F>
        <DCC_K>false</DCC_K>
        <DCC_N>true</DCC_N>
        <DCC_S>false</DCC_S>
        <DCC_ImageBase>00400000</DCC_ImageBase>
        <DCC_DebugInformation>1</DCC_DebugInformation>
        <DCC_Description>ACBr - Synapse TCP/IP / Serial library - (http://www.synapse.ararat.cz)</DCC_Description>
        <DCC_UsePackage>vcl;rtl;vclx;indy;inet;xmlrtl;vclie;inetdbbde;inetdbxpress;dbrtl;dsnap;dsnapcon;vcldb;soaprtl;VclSmp;dbexpress;dbxcds;inetdb;bdertl;vcldbx;webdsnap;websnap;adortl;ibxpress;teeui;teedb;tee;dss;visualclx;visualdbclx;vclactnband;vclshlctrls;IntrawebDB_50_70;Intraweb_50_70;dclOfficeXP;ACBrComum;ACBrDiversos;ACBrSerial;synapse;ACBrTCP;ACBr_TEFD;ACBr_Boleto;ACBr_Sintegra;ACBr_SPED;ACBr_PAF;ACBr_NFe2;PCN2;ACBrCapicom;ACBrOpenSSL;ACBr_CTe;fs7;frx7;fsDB7;frxDB7;fsBDE7;frxBDE7;fsADO7;frxADO7;fsIBX7;frxIBX7;frxDBX7;frxe7;fsTee7;frxTee7;ACBrNFeDanfeFRpkg;ACBr_BoletoFC_FR;ACBrCTeDacteFRpkg;ACBr_MDFe;ACBrNFeDanfeRV;Rave50VCL;ACBrNFeDanfeRVCodeBase;ACBr_NFSe;QR5RunD7;ACBrCTeDacteQRpkg;ACBrNFSeDanfseQRpkg;Rave50CLX;$(DCC_UsePackage)</DCC_UsePackage>
        <GenDll>true</GenDll>
        <GenPackage>true</GenPackage>
        <SanitizedProjectName>ACBr_synapse</SanitizedProjectName>
        <RuntimeOnlyPackage>true</RuntimeOnlyPackage>
        <DCC_OutputNeverBuildDcps>true</DCC_OutputNeverBuildDcps>
        <VerInfo_Locale>1046</VerInfo_Locale>
        <DCC_Namespace>System;Xml;Data;Datasnap;Web;Soap;Winapi;System.Win;$(DCC_Namespace)</DCC_Namespace>
        <VerInfo_Keys>CompanyName=;FileDescription=;FileVersion=1.0.0.0;InternalName=;LegalCopyright=;LegalTrademarks=;OriginalFilename=;ProductName=;ProductVersion=1.0.0.0;Comments=</VerInfo_Keys>
    </PropertyGroup>
    <PropertyGroup Condition="'$(Base_Win32)'!=''">
        <DCC_Namespace>Winapi;System.Win;Data.Win;Datasnap.Win;Web.Win;Soap.Win;Xml.Win;Bde;$(DCC_Namespace)</DCC_Namespace>
        <BT_BuildType>Debug</BT_BuildType>
        <VerInfo_IncludeVerInfo>true</VerInfo_IncludeVerInfo>
        <VerInfo_Keys>CompanyName=;FileDescription=$(MSBuildProjectName);FileVersion=1.0.0.0;InternalName=;LegalCopyright=;LegalTrademarks=;OriginalFilename=;ProductName=$(MSBuildProjectName);ProductVersion=1.0.0.0;Comments=;ProgramID=com.embarcadero.$(MSBuildProjectName)</VerInfo_Keys>
        <VerInfo_Locale>1033</VerInfo_Locale>
        <Icon_MainIcon>ACBr_synapse_Icon.ico</Icon_MainIcon>
    </PropertyGroup>
    <PropertyGroup Condition="'$(Base_Win64)'!=''">
        <Icon_MainIcon>ACBr_synapse_Icon.ico</Icon_MainIcon>
    </PropertyGroup>
    <PropertyGroup Condition="'$(Cfg_1)'!=''">
        <DCC_Define>RELEASE;$(DCC_Define)</DCC_Define>
        <DCC_DebugInformation>0</DCC_DebugInformation>
        <DCC_LocalDebugSymbols>false</DCC_LocalDebugSymbols>
        <DCC_SymbolReferenceInfo>0</DCC_SymbolReferenceInfo>
    </PropertyGroup>
    <PropertyGroup Condition="'$(Cfg_2)'!=''">
        <DCC_Define>DEBUG;$(DCC_Define)</DCC_Define>
        <DCC_Optimize>false</DCC_Optimize>
        <DCC_GenerateStackFrames>true</DCC_GenerateStackFrames>
    </PropertyGroup>
    <ItemGroup>
        <DelphiCompile Include="$(MainSource)">
            <MainSource>MainSource</MainSource>
        </DelphiCompile>
        <DCCReference Include="rtl.dcp"/>
        <DCCReference Include="..\..\..\Fontes\Terceiros\synalist\asn1util.pas"/>
        <DCCReference Include="..\..\..\Fontes\Terceiros\synalist\blcksock.pas"/>
        <DCCReference Include="..\..\..\Fontes\Terceiros\synalist\clamsend.pas"/>
        <DCCReference Include="..\..\..\Fontes\Terceiros\synalist\dnssend.pas"/>
        <DCCReference Include="..\..\..\Fontes\Terceiros\synalist\ftpsend.pas"/>
        <DCCReference Include="..\..\..\Fontes\Terceiros\synalist\ftptsend.pas"/>
        <DCCReference Include="..\..\..\Fontes\Terceiros\synalist\httpsend.pas"/>
        <DCCReference Include="..\..\..\Fontes\Terceiros\synalist\imapsend.pas"/>
        <DCCReference Include="..\..\..\Fontes\Terceiros\synalist\ldapsend.pas"/>
        <DCCReference Include="..\..\..\Fontes\Terceiros\synalist\mimeinln.pas"/>
        <DCCReference Include="..\..\..\Fontes\Terceiros\synalist\mimemess.pas"/>
        <DCCReference Include="..\..\..\Fontes\Terceiros\synalist\mimepart.pas"/>
        <DCCReference Include="..\..\..\Fontes\Terceiros\synalist\nntpsend.pas"/>
        <DCCReference Include="..\..\..\Fontes\Terceiros\synalist\pingsend.pas"/>
        <DCCReference Include="..\..\..\Fontes\Terceiros\synalist\pop3send.pas"/>
        <DCCReference Include="..\..\..\Fontes\Terceiros\synalist\slogsend.pas"/>
        <DCCReference Include="..\..\..\Fontes\Terceiros\synalist\smtpsend.pas"/>
        <DCCReference Include="..\..\..\Fontes\Terceiros\synalist\snmpsend.pas"/>
        <DCCReference Include="..\..\..\Fontes\Terceiros\synalist\sntpsend.pas"/>
        <DCCReference Include="..\..\..\Fontes\Terceiros\synalist\synachar.pas"/>
        <DCCReference Include="..\..\..\Fontes\Terceiros\synalist\synacode.pas"/>
        <DCCReference Include="..\..\..\Fontes\Terceiros\synalist\synacrypt.pas"/>
        <DCCReference Include="..\..\..\Fontes\Terceiros\synalist\synadbg.pas"/>
        <DCCReference Include="..\..\..\Fontes\Terceiros\synalist\synafpc.pas"/>
        <DCCReference Include="..\..\..\Fontes\Terceiros\synalist\synaicnv.pas"/>
        <DCCReference Include="..\..\..\Fontes\Terceiros\synalist\synaip.pas"/>
        <DCCReference Include="..\..\..\Fontes\Terceiros\synalist\synamisc.pas"/>
        <DCCReference Include="..\..\..\Fontes\Terceiros\synalist\synaser.pas"/>
        <DCCReference Include="..\..\..\Fontes\Terceiros\synalist\synautil.pas"/>
        <DCCReference Include="..\..\..\Fontes\Terceiros\synalist\synsock.pas"/>
        <DCCReference Include="..\..\..\Fontes\Terceiros\synalist\tlntsend.pas"/>
        <DCCReference Include="..\..\..\Fontes\Terceiros\synalist\ssl_openssl.pas"/>
        <DCCReference Include="..\..\..\Fontes\Terceiros\synalist\ssl_openssl_lib.pas"/>
        <DCCReference Include="..\..\..\Fontes\Terceiros\synalist\ssl_openssl_capi.pas"/>
        <DCCReference Include="..\..\..\Fontes\Terceiros\synalist\ssl_openssl11.pas"/>
        <DCCReference Include="..\..\..\Fontes\Terceiros\synalist\ssl_openssl11_lib.pas"/>
        <BuildConfiguration Include="Debug">
            <Key>Cfg_2</Key>
            <CfgParent>Base</CfgParent>
        </BuildConfiguration>
        <BuildConfiguration Include="Base">
            <Key>Base</Key>
        </BuildConfiguration>
        <BuildConfiguration Include="Release">
            <Key>Cfg_1</Key>
            <CfgParent>Base</CfgParent>
        </BuildConfiguration>
    </ItemGroup>
    <ProjectExtensions>
        <Borland.Personality>Delphi.Personality.12</Borland.Personality>
        <Borland.ProjectType>Package</Borland.ProjectType>
        <BorlandProject>
            <Delphi.Personality>
                <Source>
                    <Source Name="MainSource">ACBr_synapse.dpk</Source>
                </Source>
                <Language>
                    <Language Name="RootDir">Z:\Projetos\frameworks\objpascal\acbr\Pacotes\Delphi\synapse\</Language>
                </Language>
            </Delphi.Personality>
            <Platforms>
                <Platform value="Android">False</Platform>
                <Platform value="iOSDevice32">False</Platform>
                <Platform value="iOSSimulator">False</Platform>
                <Platform value="Linux64">False</Platform>
                <Platform value="OSX32">False</Platform>
                <Platform value="Win32">True</Platform>
                <Platform value="Win64">False</Platform>
            </Platforms>
        </BorlandProject>
        <ProjectFileVersion>12</ProjectFileVersion>
    </ProjectExtensions>
    <Import Project="$(BDS)\Bin\CodeGear.Delphi.Targets" Condition="Exists('$(BDS)\Bin\CodeGear.Delphi.Targets')"/>
    <Import Project="$(APPDATA)\Embarcadero\$(BDSAPPDATABASEDIR)\$(PRODUCTVERSION)\UserTools.proj" Condition="Exists('$(APPDATA)\Embarcadero\$(BDSAPPDATABASEDIR)\$(PRODUCTVERSION)\UserTools.proj')"/>
</Project>
